
Microsoft Visual Studio Solution File, Format Version 12.00
# Visual Studio Version 16
VisualStudioVersion = 16.0.31019.194
MinimumVisualStudioVersion = 10.0.40219.1
Project("{FAE04EC0-301F-11D3-BF4B-00C04F79EFBC}") = "NethostDownloader", "NethostDownloader.csproj", "{06E6AD9F-095D-4F88-A09A-5D4F73139E65}"
EndProject
Global
	GlobalSection(SolutionConfigurationPlatforms) = preSolution
		Debug|Any CPU = Debug|Any CPU
		Release|Any CPU = Release|Any CPU
	EndGlobalSection
	GlobalSection(ProjectConfigurationPlatforms) = postSolution
		{06E6AD9F-095D-4F88-A09A-5D4F73139E65}.Debug|Any CPU.ActiveCfg = Debug|Any CPU
		{06E6AD9F-095D-4F88-A09A-5D4F73139E65}.Debug|Any CPU.Build.0 = Debug|Any CPU
		{06E6AD9F-095D-4F88-A09A-5D4F73139E65}.Release|Any CPU.ActiveCfg = Release|Any CPU
		{06E6AD9F-095D-4F88-A09A-5D4F73139E65}.Release|Any CPU.Build.0 = Release|Any CPU
	EndGlobalSection
	GlobalSection(SolutionProperties) = preSolution
		HideSolutionNode = FALSE
	EndGlobalSection
	GlobalSection(ExtensibilityGlobals) = postSolution
		SolutionGuid = {8FB6F4D8-2C92-4F49-B6B7-A12438A84AFB}
	EndGlobalSection
EndGlobal
